{
  "originHash" : "eabbff1b493034186a6eda5b72a68cef834e2126bee965610cf81a734084f2a6",
  "pins" : [
    {
      "identity" : "printbeam-sdk",
      "kind" : "remoteSourceControl",
      "location" : "https://github.com/kotimadduluri/printbeam-sdk",
      "state" : {
        "revision" : "84a698d9fbf66943aa58191540a3097dd9d16c31",
        "version" : "0.1.0-alpha03"
      }
    }
  ],
  "version" : 3
}
