{
  "originHash" : "eabbff1b493034186a6eda5b72a68cef834e2126bee965610cf81a734084f2a6",
  "pins" : [
    {
      "identity" : "printbeam-sdk",
      "kind" : "remoteSourceControl",
      "location" : "https://github.com/kotimadduluri/printbeam-sdk",
      "state" : {
        "revision" : "b23464c4ebbc5a6713b83dd1ecb3b551ebd227b9",
        "version" : "0.1.0-alpha02"
      }
    }
  ],
  "version" : 3
}
