{
  "originHash" : "eabbff1b493034186a6eda5b72a68cef834e2126bee965610cf81a734084f2a6",
  "pins" : [
    {
      "identity" : "printbeam-sdk",
      "kind" : "remoteSourceControl",
      "location" : "https://github.com/kotimadduluri/printbeam-sdk",
      "state" : {
        "revision" : "a7e94f87405a7072730c54ee5c7d05f4ebce2a4e",
        "version" : "0.1.0-alpha04"
      }
    }
  ],
  "version" : 3
}
